// !$*UTF8*$!
{
	archiveVersion = 1;
	classes = {
	};
	objectVersion = 46;
	objects = {

/* Begin PBXBuildFile section */
		BD29ED6B1E9E637B00094141 /* AppDelegate.swift in Sources */ = {isa = PBXBuildFile; fileRef = BD29ED6A1E9E637B00094141 /* AppDelegate.swift */; };
		BD29ED721E9E637B00094141 /* Main.storyboard in Resources */ = {isa = PBXBuildFile; fileRef = BD29ED701E9E637B00094141 /* Main.storyboard */; };
		BD29ED741E9E637B00094141 /* Assets.xcassets in Resources */ = {isa = PBXBuildFile; fileRef = BD29ED731E9E637B00094141 /* Assets.xcassets */; };
		BD29ED771E9E637B00094141 /* LaunchScreen.storyboard in Resources */ = {isa = PBXBuildFile; fileRef = BD29ED751E9E637B00094141 /* LaunchScreen.storyboard */; };
		BD29ED7F1E9E6BC600094141 /* landscapeTableViewCell.swift in Sources */ = {isa = PBXBuildFile; fileRef = BD29ED7E1E9E6BC600094141 /* landscapeTableViewCell.swift */; };
		BD29ED811E9E6C2900094141 /* TableViewController.swift in Sources */ = {isa = PBXBuildFile; fileRef = BD29ED801E9E6C2900094141 /* TableViewController.swift */; };
		BD29ED891E9E6DFB00094141 /* 永安老街.jpeg in Resources */ = {isa = PBXBuildFile; fileRef = BD29ED821E9E6DFB00094141 /* 永安老街.jpeg */; };
		BD29ED8A1E9E6DFB00094141 /* 多納部落.jpeg in Resources */ = {isa = PBXBuildFile; fileRef = BD29ED831E9E6DFB00094141 /* 多納部落.jpeg */; };
		BD29ED8B1E9E6DFB00094141 /* 忠烈祠.jpeg in Resources */ = {isa = PBXBuildFile; fileRef = BD29ED841E9E6DFB00094141 /* 忠烈祠.jpeg */; };
		BD29ED8C1E9E6DFB00094141 /* 前鎮之星.jpeg in Resources */ = {isa = PBXBuildFile; fileRef = BD29ED851E9E6DFB00094141 /* 前鎮之星.jpeg */; };
		BD29ED8D1E9E6DFB00094141 /* 高雄巨蛋.jpeg in Resources */ = {isa = PBXBuildFile; fileRef = BD29ED861E9E6DFB00094141 /* 高雄巨蛋.jpeg */; };
		BD29ED8E1E9E6DFB00094141 /* 高雄市立美術館.jpeg in Resources */ = {isa = PBXBuildFile; fileRef = BD29ED871E9E6DFB00094141 /* 高雄市立美術館.jpeg */; };
		BD29ED8F1E9E6DFB00094141 /* 愛河之星.jpeg in Resources */ = {isa = PBXBuildFile; fileRef = BD29ED881E9E6DFB00094141 /* 愛河之星.jpeg */; };
/* End PBXBuildFile section */

/* Begin PBXFileReference section */
		BD29ED671E9E637B00094141 /* KaohsiungTravel.app */ = {isa = PBXFileReference; explicitFileType = wrapper.application; includeInIndex = 0; path = KaohsiungTravel.app; sourceTree = BUILT_PRODUCTS_DIR; };
		BD29ED6A1E9E637B00094141 /* AppDelegate.swift */ = {isa = PBXFileReference; lastKnownFileType = sourcecode.swift; path = AppDelegate.swift; sourceTree = "<group>"; };
		BD29ED711E9E637B00094141 /* Base */ = {isa = PBXFileReference; lastKnownFileType = file.storyboard; name = Base; path = Base.lproj/Main.storyboard; sourceTree = "<group>"; };
		BD29ED731E9E637B00094141 /* Assets.xcassets */ = {isa = PBXFileReference; lastKnownFileType = folder.assetcatalog; path = Assets.xcassets; sourceTree = "<group>"; };
		BD29ED761E9E637B00094141 /* Base */ = {isa = PBXFileReference; lastKnownFileType = file.storyboard; name = Base; path = Base.lproj/LaunchScreen.storyboard; sourceTree = "<group>"; };
		BD29ED781E9E637B00094141 /* Info.plist */ = {isa = PBXFileReference; lastKnownFileType = text.plist.xml; path = Info.plist; sourceTree = "<group>"; };
		BD29ED7E1E9E6BC600094141 /* landscapeTableViewCell.swift */ = {isa = PBXFileReference; fileEncoding = 4; lastKnownFileType = sourcecode.swift; path = landscapeTableViewCell.swift; sourceTree = "<group>"; };
		BD29ED801E9E6C2900094141 /* TableViewController.swift */ = {isa = PBXFileReference; fileEncoding = 4; lastKnownFileType = sourcecode.swift; path = TableViewController.swift; sourceTree = "<group>"; };
		BD29ED821E9E6DFB00094141 /* 永安老街.jpeg */ = {isa = PBXFileReference; lastKnownFileType = image.jpeg; path = "永安老街.jpeg"; sourceTree = "<group>"; };
		BD29ED831E9E6DFB00094141 /* 多納部落.jpeg */ = {isa = PBXFileReference; lastKnownFileType = image.jpeg; path = "多納部落.jpeg"; sourceTree = "<group>"; };
		BD29ED841E9E6DFB00094141 /* 忠烈祠.jpeg */ = {isa = PBXFileReference; lastKnownFileType = image.jpeg; path = "忠烈祠.jpeg"; sourceTree = "<group>"; };
		BD29ED851E9E6DFB00094141 /* 前鎮之星.jpeg */ = {isa = PBXFileReference; lastKnownFileType = image.jpeg; path = "前鎮之星.jpeg"; sourceTree = "<group>"; };
		BD29ED861E9E6DFB00094141 /* 高雄巨蛋.jpeg */ = {isa = PBXFileReference; lastKnownFileType = image.jpeg; path = "高雄巨蛋.jpeg"; sourceTree = "<group>"; };
		BD29ED871E9E6DFB00094141 /* 高雄市立美術館.jpeg */ = {isa = PBXFileReference; lastKnownFileType = image.jpeg; path = "高雄市立美術館.jpeg"; sourceTree = "<group>"; };
		BD29ED881E9E6DFB00094141 /* 愛河之星.jpeg */ = {isa = PBXFileReference; lastKnownFileType = image.jpeg; path = "愛河之星.jpeg"; sourceTree = "<group>"; };
/* End PBXFileReference section */

/* Begin PBXFrameworksBuildPhase section */
		BD29ED641E9E637B00094141 /* Frameworks */ = {
			isa = PBXFrameworksBuildPhase;
			buildActionMask = 2147483647;
			files = (
			);
			runOnlyForDeploymentPostprocessing = 0;
		};
/* End PBXFrameworksBuildPhase section */

/* Begin PBXGroup section */
		BD29ED5E1E9E637B00094141 = {
			isa = PBXGroup;
			children = (
				BD29ED691E9E637B00094141 /* KaohsiungTravel */,
				BD29ED681E9E637B00094141 /* Products */,
				BD29ED911E9E6E1200094141 /* Pic */,
			);
			sourceTree = "<group>";
		};
		BD29ED681E9E637B00094141 /* Products */ = {
			isa = PBXGroup;
			children = (
				BD29ED671E9E637B00094141 /* KaohsiungTravel.app */,
			);
			name = Products;
			sourceTree = "<group>";
		};
		BD29ED691E9E637B00094141 /* KaohsiungTravel */ = {
			isa = PBXGroup;
			children = (
				BD29ED6A1E9E637B00094141 /* AppDelegate.swift */,
				BD29ED701E9E637B00094141 /* Main.storyboard */,
				BD29ED731E9E637B00094141 /* Assets.xcassets */,
				BD29ED751E9E637B00094141 /* LaunchScreen.storyboard */,
				BD29ED781E9E637B00094141 /* Info.plist */,
				BD29ED801E9E6C2900094141 /* TableViewController.swift */,
				BD29ED7E1E9E6BC600094141 /* landscapeTableViewCell.swift */,
			);
			path = KaohsiungTravel;
			sourceTree = "<group>";
		};
		BD29ED911E9E6E1200094141 /* Pic */ = {
			isa = PBXGroup;
			children = (
				BD29ED821E9E6DFB00094141 /* 永安老街.jpeg */,
				BD29ED831E9E6DFB00094141 /* 多納部落.jpeg */,
				BD29ED841E9E6DFB00094141 /* 忠烈祠.jpeg */,
				BD29ED851E9E6DFB00094141 /* 前鎮之星.jpeg */,
				BD29ED861E9E6DFB00094141 /* 高雄巨蛋.jpeg */,
				BD29ED871E9E6DFB00094141 /* 高雄市立美術館.jpeg */,
				BD29ED881E9E6DFB00094141 /* 愛河之星.jpeg */,
			);
			name = Pic;
			sourceTree = "<group>";
		};
/* End PBXGroup section */

/* Begin PBXNativeTarget section */
		BD29ED661E9E637B00094141 /* KaohsiungTravel */ = {
			isa = PBXNativeTarget;
			buildConfigurationList = BD29ED7B1E9E637B00094141 /* Build configuration list for PBXNativeTarget "KaohsiungTravel" */;
			buildPhases = (
				BD29ED631E9E637B00094141 /* Sources */,
				BD29ED641E9E637B00094141 /* Frameworks */,
				BD29ED651E9E637B00094141 /* Resources */,
			);
			buildRules = (
			);
			dependencies = (
			);
			name = KaohsiungTravel;
			productName = KaohsiungTravel;
			productReference = BD29ED671E9E637B00094141 /* KaohsiungTravel.app */;
			productType = "com.apple.product-type.application";
		};
/* End PBXNativeTarget section */

/* Begin PBXProject section */
		BD29ED5F1E9E637B00094141 /* Project object */ = {
			isa = PBXProject;
			attributes = {
				LastSwiftUpdateCheck = 0830;
				LastUpgradeCheck = 0830;
				ORGANIZATIONNAME = "李維倫";
				TargetAttributes = {
					BD29ED661E9E637B00094141 = {
						CreatedOnToolsVersion = 8.3.1;
						DevelopmentTeam = EY2E9J2PR9;
						ProvisioningStyle = Automatic;
					};
				};
			};
			buildConfigurationList = BD29ED621E9E637B00094141 /* Build configuration list for PBXProject "KaohsiungTravel" */;
			compatibilityVersion = "Xcode 3.2";
			developmentRegion = English;
			hasScannedForEncodings = 0;
			knownRegions = (
				en,
				Base,
			);
			mainGroup = BD29ED5E1E9E637B00094141;
			productRefGroup = BD29ED681E9E637B00094141 /* Products */;
			projectDirPath = "";
			projectRoot = "";
			targets = (
				BD29ED661E9E637B00094141 /* KaohsiungTravel */,
			);
		};
/* End PBXProject section */

/* Begin PBXResourcesBuildPhase section */
		BD29ED651E9E637B00094141 /* Resources */ = {
			isa = PBXResourcesBuildPhase;
			buildActionMask = 2147483647;
			files = (
				BD29ED771E9E637B00094141 /* LaunchScreen.storyboard in Resources */,
				BD29ED8F1E9E6DFB00094141 /* 愛河之星.jpeg in Resources */,
				BD29ED741E9E637B00094141 /* Assets.xcassets in Resources */,
				BD29ED8B1E9E6DFB00094141 /* 忠烈祠.jpeg in Resources */,
				BD29ED891E9E6DFB00094141 /* 永安老街.jpeg in Resources */,
				BD29ED8D1E9E6DFB00094141 /* 高雄巨蛋.jpeg in Resources */,
				BD29ED8E1E9E6DFB00094141 /* 高雄市立美術館.jpeg in Resources */,
				BD29ED8A1E9E6DFB00094141 /* 多納部落.jpeg in Resources */,
				BD29ED8C1E9E6DFB00094141 /* 前鎮之星.jpeg in Resources */,
				BD29ED721E9E637B00094141 /* Main.storyboard in Resources */,
			);
			runOnlyForDeploymentPostprocessing = 0;
		};
/* End PBXResourcesBuildPhase section */

/* Begin PBXSourcesBuildPhase section */
		BD29ED631E9E637B00094141 /* Sources */ = {
			isa = PBXSourcesBuildPhase;
			buildActionMask = 2147483647;
			files = (
				BD29ED6B1E9E637B00094141 /* AppDelegate.swift in Sources */,
				BD29ED811E9E6C2900094141 /* TableViewController.swift in Sources */,
				BD29ED7F1E9E6BC600094141 /* landscapeTableViewCell.swift in Sources */,
			);
			runOnlyForDeploymentPostprocessing = 0;
		};
/* End PBXSourcesBuildPhase section */

/* Begin PBXVariantGroup section */
		BD29ED701E9E637B00094141 /* Main.storyboard */ = {
			isa = PBXVariantGroup;
			children = (
				BD29ED711E9E637B00094141 /* Base */,
			);
			name = Main.storyboard;
			sourceTree = "<group>";
		};
		BD29ED751E9E637B00094141 /* LaunchScreen.storyboard */ = {
			isa = PBXVariantGroup;
			children = (
				BD29ED761E9E637B00094141 /* Base */,
			);
			name = LaunchScreen.storyboard;
			sourceTree = "<group>";
		};
/* End PBXVariantGroup section */

/* Begin XCBuildConfiguration section */
		BD29ED791E9E637B00094141 /* Debug */ = {
			isa = XCBuildConfiguration;
			buildSettings = {
				ALWAYS_SEARCH_USER_PATHS = NO;
				CLANG_ANALYZER_NONNULL = YES;
				CLANG_ANALYZER_NUMBER_OBJECT_CONVERSION = YES_AGGRESSIVE;
				CLANG_CXX_LANGUAGE_STANDARD = "gnu++0x";
				CLANG_CXX_LIBRARY = "libc++";
				CLANG_ENABLE_MODULES = YES;
				CLANG_ENABLE_OBJC_ARC = YES;
				CLANG_WARN_BOOL_CONVERSION = YES;
				CLANG_WARN_CONSTANT_CONVERSION = YES;
				CLANG_WARN_DIRECT_OBJC_ISA_USAGE = YES_ERROR;
				CLANG_WARN_DOCUMENTATION_COMMENTS = YES;
				CLANG_WARN_EMPTY_BODY = YES;
				CLANG_WARN_ENUM_CONVERSION = YES;
				CLANG_WARN_INFINITE_RECURSION = YES;
				CLANG_WARN_INT_CONVERSION = YES;
				CLANG_WARN_OBJC_ROOT_CLASS = YES_ERROR;
				CLANG_WARN_SUSPICIOUS_MOVE = YES;
				CLANG_WARN_UNREACHABLE_CODE = YES;
				CLANG_WARN__DUPLICATE_METHOD_MATCH = YES;
				"CODE_SIGN_IDENTITY[sdk=iphoneos*]" = "iPhone Developer";
				COPY_PHASE_STRIP = NO;
				DEBUG_INFORMATION_FORMAT = dwarf;
				ENABLE_STRICT_OBJC_MSGSEND = YES;
				ENABLE_TESTABILITY = YES;
				GCC_C_LANGUAGE_STANDARD = gnu99;
				GCC_DYNAMIC_NO_PIC = NO;
				GCC_NO_COMMON_BLOCKS = YES;
				GCC_OPTIMIZATION_LEVEL = 0;
				GCC_PREPROCESSOR_DEFINITIONS = (
					"DEBUG=1",
					"$(inherited)",
				);
				GCC_WARN_64_TO_32_BIT_CONVERSION = YES;
				GCC_WARN_ABOUT_RETURN_TYPE = YES_ERROR;
				GCC_WARN_UNDECLARED_SELECTOR = YES;
				GCC_WARN_UNINITIALIZED_AUTOS = YES_AGGRESSIVE;
				GCC_WARN_UNUSED_FUNCTION = YES;
				GCC_WARN_UNUSED_VARIABLE = YES;
				IPHONEOS_DEPLOYMENT_TARGET = 10.3;
				MTL_ENABLE_DEBUG_INFO = YES;
				ONLY_ACTIVE_ARCH = YES;
				SDKROOT = iphoneos;
				SWIFT_ACTIVE_COMPILATION_CONDITIONS = DEBUG;
				SWIFT_OPTIMIZATION_LEVEL = "-Onone";
			};
			name = Debug;
		};
		BD29ED7A1E9E637B00094141 /* Release */ = {
			isa = XCBuildConfiguration;
			buildSettings = {
				ALWAYS_SEARCH_USER_PATHS = NO;
				CLANG_ANALYZER_NONNULL = YES;
				CLANG_ANALYZER_NUMBER_OBJECT_CONVERSION = YES_AGGRESSIVE;
				CLANG_CXX_LANGUAGE_STANDARD = "gnu++0x";
				CLANG_CXX_LIBRARY = "libc++";
				CLANG_ENABLE_MODULES = YES;
				CLANG_ENABLE_OBJC_ARC = YES;
				CLANG_WARN_BOOL_CONVERSION = YES;
				CLANG_WARN_CONSTANT_CONVERSION = YES;
				CLANG_WARN_DIRECT_OBJC_ISA_USAGE = YES_ERROR;
				CLANG_WARN_DOCUMENTATION_COMMENTS = YES;
				CLANG_WARN_EMPTY_BODY = YES;
				CLANG_WARN_ENUM_CONVERSION = YES;
				CLANG_WARN_INFINITE_RECURSION = YES;
				CLANG_WARN_INT_CONVERSION = YES;
				CLANG_WARN_OBJC_ROOT_CLASS = YES_ERROR;
				CLANG_WARN_SUSPICIOUS_MOVE = YES;
				CLANG_WARN_UNREACHABLE_CODE = YES;
				CLANG_WARN__DUPLICATE_METHOD_MATCH = YES;
				"CODE_SIGN_IDENTITY[sdk=iphoneos*]" = "iPhone Developer";
				COPY_PHASE_STRIP = NO;
				DEBUG_INFORMATION_FORMAT = "dwarf-with-dsym";
				ENABLE_NS_ASSERTIONS = NO;
				ENABLE_STRICT_OBJC_MSGSEND = YES;
				GCC_C_LANGUAGE_STANDARD = gnu99;
				GCC_NO_COMMON_BLOCKS = YES;
				GCC_WARN_64_TO_32_BIT_CONVERSION = YES;
				GCC_WARN_ABOUT_RETURN_TYPE = YES_ERROR;
				GCC_WARN_UNDECLARED_SELECTOR = YES;
				GCC_WARN_UNINITIALIZED_AUTOS = YES_AGGRESSIVE;
				GCC_WARN_UNUSED_FUNCTION = YES;
				GCC_WARN_UNUSED_VARIABLE = YES;
				IPHONEOS_DEPLOYMENT_TARGET = 10.3;
				MTL_ENABLE_DEBUG_INFO = NO;
				SDKROOT = iphoneos;
				SWIFT_OPTIMIZATION_LEVEL = "-Owholemodule";
				VALIDATE_PRODUCT = YES;
			};
			name = Release;
		};
		BD29ED7C1E9E637B00094141 /* Debug */ = {
			isa = XCBuildConfiguration;
			buildSettings = {
				ASSETCATALOG_COMPILER_APPICON_NAME = AppIcon;
				DEVELOPMENT_TEAM = EY2E9J2PR9;
				INFOPLIST_FILE = KaohsiungTravel/Info.plist;
				IPHONEOS_DEPLOYMENT_TARGET = 10.3;
				LD_RUNPATH_SEARCH_PATHS = "$(inherited) @executable_path/Frameworks";
				PRODUCT_BUNDLE_IDENTIFIER = Lun.KaohsiungTravel;
				PRODUCT_NAME = "$(TARGET_NAME)";
				SWIFT_VERSION = 3.0;
			};
			name = Debug;
		};
		BD29ED7D1E9E637B00094141 /* Release */ = {
			isa = XCBuildConfiguration;
			buildSettings = {
				ASSETCATALOG_COMPILER_APPICON_NAME = AppIcon;
				DEVELOPMENT_TEAM = EY2E9J2PR9;
				INFOPLIST_FILE = KaohsiungTravel/Info.plist;
				IPHONEOS_DEPLOYMENT_TARGET = 10.3;
				LD_RUNPATH_SEARCH_PATHS = "$(inherited) @executable_path/Frameworks";
				PRODUCT_BUNDLE_IDENTIFIER = Lun.KaohsiungTravel;
				PRODUCT_NAME = "$(TARGET_NAME)";
				SWIFT_VERSION = 3.0;
			};
			name = Release;
		};
/* End XCBuildConfiguration section */

/* Begin XCConfigurationList section */
		BD29ED621E9E637B00094141 /* Build configuration list for PBXProject "KaohsiungTravel" */ = {
			isa = XCConfigurationList;
			buildConfigurations = (
				BD29ED791E9E637B00094141 /* Debug */,
				BD29ED7A1E9E637B00094141 /* Release */,
			);
			defaultConfigurationIsVisible = 0;
			defaultConfigurationName = Release;
		};
		BD29ED7B1E9E637B00094141 /* Build configuration list for PBXNativeTarget "KaohsiungTravel" */ = {
			isa = XCConfigurationList;
			buildConfigurations = (
				BD29ED7C1E9E637B00094141 /* Debug */,
				BD29ED7D1E9E637B00094141 /* Release */,
			);
			defaultConfigurationIsVisible = 0;
			defaultConfigurationName = Release;
		};
/* End XCConfigurationList section */
	};
	rootObject = BD29ED5F1E9E637B00094141 /* Project object */;
}
